// !$*UTF8*$!
{
	archiveVersion = 1;
	classes = {
	};
	objectVersion = 46;
	objects = {

/* Begin PBXBuildFile section */
		946CD0A21DB5C8B800822AE1 /* main.m in Sources */ = {isa = PBXBuildFile; fileRef = 946CD0A11DB5C8B800822AE1 /* main.m */; };
		946CD0A51DB5C8B800822AE1 /* AppDelegate.m in Sources */ = {isa = PBXBuildFile; fileRef = 946CD0A41DB5C8B800822AE1 /* AppDelegate.m */; };
		946CD0A81DB5C8B800822AE1 /* ViewController.m in Sources */ = {isa = PBXBuildFile; fileRef = 946CD0A71DB5C8B800822AE1 /* ViewController.m */; };
		946CD0AB1DB5C8B800822AE1 /* Main.storyboard in Resources */ = {isa = PBXBuildFile; fileRef = 946CD0A91DB5C8B800822AE1 /* Main.storyboard */; };
		946CD0AD1DB5C8B800822AE1 /* Assets.xcassets in Resources */ = {isa = PBXBuildFile; fileRef = 946CD0AC1DB5C8B800822AE1 /* Assets.xcassets */; };
		946CD0B01DB5C8B800822AE1 /* LaunchScreen.storyboard in Resources */ = {isa = PBXBuildFile; fileRef = 946CD0AE1DB5C8B800822AE1 /* LaunchScreen.storyboard */; };
		946CD0BC1DB5F0B400822AE1 /* NSMutableArray+JXSort.m in Sources */ = {isa = PBXBuildFile; fileRef = 946CD0BB1DB5F0B400822AE1 /* NSMutableArray+JXSort.m */; };
/* End PBXBuildFile section */

/* Begin PBXFileReference section */
		946CD09D1DB5C8B800822AE1 /* SortDemo.app */ = {isa = PBXFileReference; explicitFileType = wrapper.application; includeInIndex = 0; path = SortDemo.app; sourceTree = BUILT_PRODUCTS_DIR; };
		946CD0A11DB5C8B800822AE1 /* main.m */ = {isa = PBXFileReference; lastKnownFileType = sourcecode.c.objc; path = main.m; sourceTree = "<group>"; };
		946CD0A31DB5C8B800822AE1 /* AppDelegate.h */ = {isa = PBXFileReference; lastKnownFileType = sourcecode.c.h; path = AppDelegate.h; sourceTree = "<group>"; };
		946CD0A41DB5C8B800822AE1 /* AppDelegate.m */ = {isa = PBXFileReference; lastKnownFileType = sourcecode.c.objc; path = AppDelegate.m; sourceTree = "<group>"; };
		946CD0A61DB5C8B800822AE1 /* ViewController.h */ = {isa = PBXFileReference; lastKnownFileType = sourcecode.c.h; path = ViewController.h; sourceTree = "<group>"; };
		946CD0A71DB5C8B800822AE1 /* ViewController.m */ = {isa = PBXFileReference; lastKnownFileType = sourcecode.c.objc; path = ViewController.m; sourceTree = "<group>"; };
		946CD0AA1DB5C8B800822AE1 /* Base */ = {isa = PBXFileReference; lastKnownFileType = file.storyboard; name = Base; path = Base.lproj/Main.storyboard; sourceTree = "<group>"; };
		946CD0AC1DB5C8B800822AE1 /* Assets.xcassets */ = {isa = PBXFileReference; lastKnownFileType = folder.assetcatalog; path = Assets.xcassets; sourceTree = "<group>"; };
		946CD0AF1DB5C8B800822AE1 /* Base */ = {isa = PBXFileReference; lastKnownFileType = file.storyboard; name = Base; path = Base.lproj/LaunchScreen.storyboard; sourceTree = "<group>"; };
		946CD0B11DB5C8B800822AE1 /* Info.plist */ = {isa = PBXFileReference; lastKnownFileType = text.plist.xml; path = Info.plist; sourceTree = "<group>"; };
		946CD0BA1DB5F0B400822AE1 /* NSMutableArray+JXSort.h */ = {isa = PBXFileReference; fileEncoding = 4; lastKnownFileType = sourcecode.c.h; path = "NSMutableArray+JXSort.h"; sourceTree = "<group>"; };
		946CD0BB1DB5F0B400822AE1 /* NSMutableArray+JXSort.m */ = {isa = PBXFileReference; fileEncoding = 4; lastKnownFileType = sourcecode.c.objc; path = "NSMutableArray+JXSort.m"; sourceTree = "<group>"; };
/* End PBXFileReference section */

/* Begin PBXFrameworksBuildPhase section */
		946CD09A1DB5C8B800822AE1 /* Frameworks */ = {
			isa = PBXFrameworksBuildPhase;
			buildActionMask = 2147483647;
			files = (
			);
			runOnlyForDeploymentPostprocessing = 0;
		};
/* End PBXFrameworksBuildPhase section */

/* Begin PBXGroup section */
		946CD0941DB5C8B800822AE1 = {
			isa = PBXGroup;
			children = (
				946CD09F1DB5C8B800822AE1 /* SortDemo */,
				946CD09E1DB5C8B800822AE1 /* Products */,
			);
			sourceTree = "<group>";
		};
		946CD09E1DB5C8B800822AE1 /* Products */ = {
			isa = PBXGroup;
			children = (
				946CD09D1DB5C8B800822AE1 /* SortDemo.app */,
			);
			name = Products;
			sourceTree = "<group>";
		};
		946CD09F1DB5C8B800822AE1 /* SortDemo */ = {
			isa = PBXGroup;
			children = (
				946CD0A31DB5C8B800822AE1 /* AppDelegate.h */,
				946CD0A41DB5C8B800822AE1 /* AppDelegate.m */,
				946CD0A61DB5C8B800822AE1 /* ViewController.h */,
				946CD0A71DB5C8B800822AE1 /* ViewController.m */,
				946CD0BA1DB5F0B400822AE1 /* NSMutableArray+JXSort.h */,
				946CD0BB1DB5F0B400822AE1 /* NSMutableArray+JXSort.m */,
				946CD0A91DB5C8B800822AE1 /* Main.storyboard */,
				946CD0AC1DB5C8B800822AE1 /* Assets.xcassets */,
				946CD0AE1DB5C8B800822AE1 /* LaunchScreen.storyboard */,
				946CD0B11DB5C8B800822AE1 /* Info.plist */,
				946CD0A01DB5C8B800822AE1 /* Supporting Files */,
			);
			path = SortDemo;
			sourceTree = "<group>";
		};
		946CD0A01DB5C8B800822AE1 /* Supporting Files */ = {
			isa = PBXGroup;
			children = (
				946CD0A11DB5C8B800822AE1 /* main.m */,
			);
			name = "Supporting Files";
			sourceTree = "<group>";
		};
/* End PBXGroup section */

/* Begin PBXNativeTarget section */
		946CD09C1DB5C8B800822AE1 /* SortDemo */ = {
			isa = PBXNativeTarget;
			buildConfigurationList = 946CD0B41DB5C8B800822AE1 /* Build configuration list for PBXNativeTarget "SortDemo" */;
			buildPhases = (
				946CD0991DB5C8B800822AE1 /* Sources */,
				946CD09A1DB5C8B800822AE1 /* Frameworks */,
				946CD09B1DB5C8B800822AE1 /* Resources */,
			);
			buildRules = (
			);
			dependencies = (
			);
			name = SortDemo;
			productName = SortDemo;
			productReference = 946CD09D1DB5C8B800822AE1 /* SortDemo.app */;
			productType = "com.apple.product-type.application";
		};
/* End PBXNativeTarget section */

/* Begin PBXProject section */
		946CD0951DB5C8B800822AE1 /* Project object */ = {
			isa = PBXProject;
			attributes = {
				LastUpgradeCheck = 0810;
				ORGANIZATIONNAME = JiongXing;
				TargetAttributes = {
					946CD09C1DB5C8B800822AE1 = {
						CreatedOnToolsVersion = 8.0;
						ProvisioningStyle = Automatic;
					};
				};
			};
			buildConfigurationList = 946CD0981DB5C8B800822AE1 /* Build configuration list for PBXProject "SortDemo" */;
			compatibilityVersion = "Xcode 3.2";
			developmentRegion = English;
			hasScannedForEncodings = 0;
			knownRegions = (
				en,
				Base,
			);
			mainGroup = 946CD0941DB5C8B800822AE1;
			productRefGroup = 946CD09E1DB5C8B800822AE1 /* Products */;
			projectDirPath = "";
			projectRoot = "";
			targets = (
				946CD09C1DB5C8B800822AE1 /* SortDemo */,
			);
		};
/* End PBXProject section */

/* Begin PBXResourcesBuildPhase section */
		946CD09B1DB5C8B800822AE1 /* Resources */ = {
			isa = PBXResourcesBuildPhase;
			buildActionMask = 2147483647;
			files = (
				946CD0B01DB5C8B800822AE1 /* LaunchScreen.storyboard in Resources */,
				946CD0AD1DB5C8B800822AE1 /* Assets.xcassets in Resources */,
				946CD0AB1DB5C8B800822AE1 /* Main.storyboard in Resources */,
			);
			runOnlyForDeploymentPostprocessing = 0;
		};
/* End PBXResourcesBuildPhase section */

/* Begin PBXSourcesBuildPhase section */
		946CD0991DB5C8B800822AE1 /* Sources */ = {
			isa = PBXSourcesBuildPhase;
			buildActionMask = 2147483647;
			files = (
				946CD0A81DB5C8B800822AE1 /* ViewController.m in Sources */,
				946CD0A51DB5C8B800822AE1 /* AppDelegate.m in Sources */,
				946CD0A21DB5C8B800822AE1 /* main.m in Sources */,
				946CD0BC1DB5F0B400822AE1 /* NSMutableArray+JXSort.m in Sources */,
			);
			runOnlyForDeploymentPostprocessing = 0;
		};
/* End PBXSourcesBuildPhase section */

/* Begin PBXVariantGroup section */
		946CD0A91DB5C8B800822AE1 /* Main.storyboard */ = {
			isa = PBXVariantGroup;
			children = (
				946CD0AA1DB5C8B800822AE1 /* Base */,
			);
			name = Main.storyboard;
			sourceTree = "<group>";
		};
		946CD0AE1DB5C8B800822AE1 /* LaunchScreen.storyboard */ = {
			isa = PBXVariantGroup;
			children = (
				946CD0AF1DB5C8B800822AE1 /* Base */,
			);
			name = LaunchScreen.storyboard;
			sourceTree = "<group>";
		};
/* End PBXVariantGroup section */

/* Begin XCBuildConfiguration section */
		946CD0B21DB5C8B800822AE1 /* Debug */ = {
			isa = XCBuildConfiguration;
			buildSettings = {
				ALWAYS_SEARCH_USER_PATHS = NO;
				CLANG_ANALYZER_NONNULL = YES;
				CLANG_CXX_LANGUAGE_STANDARD = "gnu++0x";
				CLANG_CXX_LIBRARY = "libc++";
				CLANG_ENABLE_MODULES = YES;
				CLANG_ENABLE_OBJC_ARC = YES;
				CLANG_WARN_BOOL_CONVERSION = YES;
				CLANG_WARN_CONSTANT_CONVERSION = YES;
				CLANG_WARN_DIRECT_OBJC_ISA_USAGE = YES_ERROR;
				CLANG_WARN_DOCUMENTATION_COMMENTS = YES;
				CLANG_WARN_EMPTY_BODY = YES;
				CLANG_WARN_ENUM_CONVERSION = YES;
				CLANG_WARN_INFINITE_RECURSION = YES;
				CLANG_WARN_INT_CONVERSION = YES;
				CLANG_WARN_OBJC_ROOT_CLASS = YES_ERROR;
				CLANG_WARN_SUSPICIOUS_MOVE = YES;
				CLANG_WARN_SUSPICIOUS_MOVES = YES;
				CLANG_WARN_UNREACHABLE_CODE = YES;
				CLANG_WARN__DUPLICATE_METHOD_MATCH = YES;
				"CODE_SIGN_IDENTITY[sdk=iphoneos*]" = "iPhone Developer";
				COPY_PHASE_STRIP = NO;
				DEBUG_INFORMATION_FORMAT = dwarf;
				ENABLE_STRICT_OBJC_MSGSEND = YES;
				ENABLE_TESTABILITY = YES;
				GCC_C_LANGUAGE_STANDARD = gnu99;
				GCC_DYNAMIC_NO_PIC = NO;
				GCC_NO_COMMON_BLOCKS = YES;
				GCC_OPTIMIZATION_LEVEL = 0;
				GCC_PREPROCESSOR_DEFINITIONS = (
					"DEBUG=1",
					"$(inherited)",
				);
				GCC_WARN_64_TO_32_BIT_CONVERSION = YES;
				GCC_WARN_ABOUT_RETURN_TYPE = YES_ERROR;
				GCC_WARN_UNDECLARED_SELECTOR = YES;
				GCC_WARN_UNINITIALIZED_AUTOS = YES_AGGRESSIVE;
				GCC_WARN_UNUSED_FUNCTION = YES;
				GCC_WARN_UNUSED_VARIABLE = YES;
				IPHONEOS_DEPLOYMENT_TARGET = 10.0;
				MTL_ENABLE_DEBUG_INFO = YES;
				ONLY_ACTIVE_ARCH = YES;
				SDKROOT = iphoneos;
			};
			name = Debug;
		};
		946CD0B31DB5C8B800822AE1 /* Release */ = {
			isa = XCBuildConfiguration;
			buildSettings = {
				ALWAYS_SEARCH_USER_PATHS = NO;
				CLANG_ANALYZER_NONNULL = YES;
				CLANG_CXX_LANGUAGE_STANDARD = "gnu++0x";
				CLANG_CXX_LIBRARY = "libc++";
				CLANG_ENABLE_MODULES = YES;
				CLANG_ENABLE_OBJC_ARC = YES;
				CLANG_WARN_BOOL_CONVERSION = YES;
				CLANG_WARN_CONSTANT_CONVERSION = YES;
				CLANG_WARN_DIRECT_OBJC_ISA_USAGE = YES_ERROR;
				CLANG_WARN_DOCUMENTATION_COMMENTS = YES;
				CLANG_WARN_EMPTY_BODY = YES;
				CLANG_WARN_ENUM_CONVERSION = YES;
				CLANG_WARN_INFINITE_RECURSION = YES;
				CLANG_WARN_INT_CONVERSION = YES;
				CLANG_WARN_OBJC_ROOT_CLASS = YES_ERROR;
				CLANG_WARN_SUSPICIOUS_MOVE = YES;
				CLANG_WARN_SUSPICIOUS_MOVES = YES;
				CLANG_WARN_UNREACHABLE_CODE = YES;
				CLANG_WARN__DUPLICATE_METHOD_MATCH = YES;
				"CODE_SIGN_IDENTITY[sdk=iphoneos*]" = "iPhone Developer";
				COPY_PHASE_STRIP = NO;
				DEBUG_INFORMATION_FORMAT = "dwarf-with-dsym";
				ENABLE_NS_ASSERTIONS = NO;
				ENABLE_STRICT_OBJC_MSGSEND = YES;
				GCC_C_LANGUAGE_STANDARD = gnu99;
				GCC_NO_COMMON_BLOCKS = YES;
				GCC_WARN_64_TO_32_BIT_CONVERSION = YES;
				GCC_WARN_ABOUT_RETURN_TYPE = YES_ERROR;
				GCC_WARN_UNDECLARED_SELECTOR = YES;
				GCC_WARN_UNINITIALIZED_AUTOS = YES_AGGRESSIVE;
				GCC_WARN_UNUSED_FUNCTION = YES;
				GCC_WARN_UNUSED_VARIABLE = YES;
				IPHONEOS_DEPLOYMENT_TARGET = 10.0;
				MTL_ENABLE_DEBUG_INFO = NO;
				SDKROOT = iphoneos;
				VALIDATE_PRODUCT = YES;
			};
			name = Release;
		};
		946CD0B51DB5C8B800822AE1 /* Debug */ = {
			isa = XCBuildConfiguration;
			buildSettings = {
				ASSETCATALOG_COMPILER_APPICON_NAME = AppIcon;
				DEVELOPMENT_TEAM = "";
				INFOPLIST_FILE = SortDemo/Info.plist;
				IPHONEOS_DEPLOYMENT_TARGET = 8.0;
				LD_RUNPATH_SEARCH_PATHS = "$(inherited) @executable_path/Frameworks";
				PRODUCT_BUNDLE_IDENTIFIER = JiongXing.SortDemo;
				PRODUCT_NAME = "$(TARGET_NAME)";
			};
			name = Debug;
		};
		946CD0B61DB5C8B800822AE1 /* Release */ = {
			isa = XCBuildConfiguration;
			buildSettings = {
				ASSETCATALOG_COMPILER_APPICON_NAME = AppIcon;
				DEVELOPMENT_TEAM = "";
				INFOPLIST_FILE = SortDemo/Info.plist;
				IPHONEOS_DEPLOYMENT_TARGET = 8.0;
				LD_RUNPATH_SEARCH_PATHS = "$(inherited) @executable_path/Frameworks";
				PRODUCT_BUNDLE_IDENTIFIER = JiongXing.SortDemo;
				PRODUCT_NAME = "$(TARGET_NAME)";
			};
			name = Release;
		};
/* End XCBuildConfiguration section */

/* Begin XCConfigurationList section */
		946CD0981DB5C8B800822AE1 /* Build configuration list for PBXProject "SortDemo" */ = {
			isa = XCConfigurationList;
			buildConfigurations = (
				946CD0B21DB5C8B800822AE1 /* Debug */,
				946CD0B31DB5C8B800822AE1 /* Release */,
			);
			defaultConfigurationIsVisible = 0;
			defaultConfigurationName = Release;
		};
		946CD0B41DB5C8B800822AE1 /* Build configuration list for PBXNativeTarget "SortDemo" */ = {
			isa = XCConfigurationList;
			buildConfigurations = (
				946CD0B51DB5C8B800822AE1 /* Debug */,
				946CD0B61DB5C8B800822AE1 /* Release */,
			);
			defaultConfigurationIsVisible = 0;
			defaultConfigurationName = Release;
		};
/* End XCConfigurationList section */
	};
	rootObject = 946CD0951DB5C8B800822AE1 /* Project object */;
}
